{
    "requires": true,
    "lockfileVersion": 1,
    "dependencies": {
        "@babel/parser": {
            "version": "7.20.3",
            "resolved": "https://registry.npmjs.org/@babel/parser/-/parser-7.20.3.tgz",
            "integrity": "sha512-OP/s5a94frIPXwjzEcv5S/tpQfc6XhxYUnmWpgdqMWGgYCuErA3SzozaRAMQgSZWKeTJxht9aWAkUY+0UzvOFg==",
            "dev": true
        },
        "@vue/compiler-sfc": {
            "version": "2.7.13",
            "resolved": "https://registry.npmjs.org/@vue/compiler-sfc/-/compiler-sfc-2.7.13.tgz",
            "integrity": "sha512-zzu2rLRZlgIU+OT3Atbr7Y6PG+LW4wVQpPfNRrGDH3dM9PsrcVfa+1pKb8bW467bGM3aDOvAnsYLWVpYIv3GRg==",
            "dev": true,
            "requires": {
                "@babel/parser": "^7.18.4",
                "postcss": "^8.4.14",
                "source-map": "^0.6.1"
            },
            "dependencies": {
                "postcss": {
                    "version": "8.4.18",
                    "resolved": "https://registry.npmjs.org/postcss/-/postcss-8.4.18.tgz",
                    "integrity": "sha512-Wi8mWhncLJm11GATDaQKobXSNEYGUHeQLiQqDFG1qQ5UTDPTEvKw0Xt5NsTpktGTwLps3ByrWsBrG0rB8YQ9oA==",
                    "dev": true,
                    "requires": {
                        "nanoid": "^3.3.4",
                        "picocolors": "^1.0.0",
                        "source-map-js": "^1.0.2"
                    }
                }
            }
        },
        "axios": {
            "version": "0.16.2",
            "resolved": "https://registry.npmjs.org/axios/-/axios-0.16.2.tgz",
            "integrity": "sha1-uk+S8XFn37q0CYN4VFS5rBScPG0=",
            "dev": true
        },
        "bootstrap-sass": {
            "version": "3.4.3",
            "resolved": "https://registry.npmjs.org/bootstrap-sass/-/bootstrap-sass-3.4.3.tgz",
            "integrity": "sha512-vPgFnGMp1jWZZupOND65WS6mkR8rxhJxndT/AcMbqcq1hHMdkcH4sMPhznLzzoHOHkSCrd6J9F8pWBriPCKP2Q==",
            "dev": true
        },
        "cross-env": {
            "version": "5.1.0",
            "resolved": "https://registry.npmjs.org/cross-env/-/cross-env-5.1.0.tgz",
            "integrity": "sha512-R+0paw9UZQc7odHjIxElqyYotgyMlhcUMTfRxiv4I22grgvS5WOSSfCpyfAZUDhP/c9ShSRv+Hzfxs6fY4JA7g==",
            "dev": true
        },
        "csstype": {
            "version": "3.1.1",
            "resolved": "https://registry.npmjs.org/csstype/-/csstype-3.1.1.tgz",
            "integrity": "sha512-DJR/VvkAvSZW9bTouZue2sSxDwdTN92uHjqeKVm+0dAqdfNykRzQ95tay8aXMBAAPpUiq4Qcug2L7neoRh2Egw==",
            "dev": true
        },
        "jquery": {
            "version": "3.6.1",
            "resolved": "https://registry.npmjs.org/jquery/-/jquery-3.6.1.tgz",
            "integrity": "sha512-opJeO4nCucVnsjiXOE+/PcCgYw9Gwpvs/a6B1LL/lQhwWwpbVEVYDZ1FokFr8PRc7ghYlrFPuyHuiiDNTQxmcw==",
            "dev": true
        },
        "laravel-mix": {
            "version": "1.5.1",
            "resolved": "https://registry.npmjs.org/laravel-mix/-/laravel-mix-1.5.1.tgz",
            "integrity": "sha512-K/ONuWY339mpUfK5BUN9B5ZExl/GGGplQXJGh3bB19HRm7uGpCLTbnxekFLhYd9tOlS/kQ6TwfGnFMKlhd6QBA==",
            "dev": true
        },
        "lodash": {
            "version": "4.17.4",
            "resolved": "https://registry.npmjs.org/lodash/-/lodash-4.17.4.tgz",
            "integrity": "sha1-eCA6TRwyiuHYbcpkYONptX9AVa4=",
            "dev": true
        },
        "nanoid": {
            "version": "3.3.4",
            "resolved": "https://registry.npmjs.org/nanoid/-/nanoid-3.3.4.tgz",
            "integrity": "sha512-MqBkQh/OHTS2egovRtLk45wEyNXwF+cokD+1YPf9u5VfJiRdAiRwB2froX5Co9Rh20xs4siNPm8naNotSD6RBw==",
            "dev": true
        },
        "picocolors": {
            "version": "1.0.0",
            "resolved": "https://registry.npmjs.org/picocolors/-/picocolors-1.0.0.tgz",
            "integrity": "sha512-1fygroTLlHu66zi26VoTDv8yRgm0Fccecssto+MhsZ0D/DGW2sm8E8AjW7NU5VVTRt5GxbeZ5qBuJr+HyLYkjQ==",
            "dev": true
        },
        "source-map": {
            "version": "0.6.1",
            "resolved": "https://registry.npmjs.org/source-map/-/source-map-0.6.1.tgz",
            "integrity": "sha512-UjgapumWlbMhkBgzT7Ykc5YXUT46F0iKu8SGXq0bcwP5dz/h0Plj6enJqjz1Zbq2l5WaqYnrVbwWOWMyF3F47g==",
            "dev": true
        },
        "source-map-js": {
            "version": "1.0.2",
            "resolved": "https://registry.npmjs.org/source-map-js/-/source-map-js-1.0.2.tgz",
            "integrity": "sha512-R0XvVJ9WusLiqTCEiGCmICCMplcCkIwwR11mOSD9CR5u+IXYdiseeEuXCVAjS54zqwkLcPNnmU4OeJ6tUrWhDw==",
            "dev": true
        },
        "vue": {
            "version": "2.7.13",
            "resolved": "https://registry.npmjs.org/vue/-/vue-2.7.13.tgz",
            "integrity": "sha512-QnM6ULTNnPmn71eUO+4hdjfBIA3H0GLsBnchnI/kS678tjI45GOUZhXd0oP/gX9isikXz1PAzSnkPspp9EUNfQ==",
            "dev": true,
            "requires": {
                "@vue/compiler-sfc": "2.7.13",
                "csstype": "^3.1.0"
            }
        }
    }
}
